
Microsoft Visual Studio Solution File, Format Version 12.00
# Visual Studio Version 17
VisualStudioVersion = 17.10.35122.118
MinimumVisualStudioVersion = 10.0.40219.1
Project("{FAE04EC0-301F-11D3-BF4B-00C04F79EFBC}") = "MovieAPI", "MovieAPI\MovieAPI.csproj", "{DA056FE5-3727-43D6-AE6B-814351EE8D92}"
EndProject
Project("{FAE04EC0-301F-11D3-BF4B-00C04F79EFBC}") = "Controllers", "Controllers\Controllers.csproj", "{8C023D2A-C649-4BAE-ADE2-DFF24FD2380A}"
EndProject
Project("{FAE04EC0-301F-11D3-BF4B-00C04F79EFBC}") = "Models", "Models\Models.csproj", "{1390C7E4-80F1-4FF0-A9F5-D21F93BE9127}"
EndProject
Global
	GlobalSection(SolutionConfigurationPlatforms) = preSolution
		Debug|Any CPU = Debug|Any CPU
		Release|Any CPU = Release|Any CPU
	EndGlobalSection
	GlobalSection(ProjectConfigurationPlatforms) = postSolution
		{DA056FE5-3727-43D6-AE6B-814351EE8D92}.Debug|Any CPU.ActiveCfg = Debug|Any CPU
		{DA056FE5-3727-43D6-AE6B-814351EE8D92}.Debug|Any CPU.Build.0 = Debug|Any CPU
		{DA056FE5-3727-43D6-AE6B-814351EE8D92}.Release|Any CPU.ActiveCfg = Release|Any CPU
		{DA056FE5-3727-43D6-AE6B-814351EE8D92}.Release|Any CPU.Build.0 = Release|Any CPU
		{8C023D2A-C649-4BAE-ADE2-DFF24FD2380A}.Debug|Any CPU.ActiveCfg = Debug|Any CPU
		{8C023D2A-C649-4BAE-ADE2-DFF24FD2380A}.Debug|Any CPU.Build.0 = Debug|Any CPU
		{8C023D2A-C649-4BAE-ADE2-DFF24FD2380A}.Release|Any CPU.ActiveCfg = Release|Any CPU
		{8C023D2A-C649-4BAE-ADE2-DFF24FD2380A}.Release|Any CPU.Build.0 = Release|Any CPU
		{1390C7E4-80F1-4FF0-A9F5-D21F93BE9127}.Debug|Any CPU.ActiveCfg = Debug|Any CPU
		{1390C7E4-80F1-4FF0-A9F5-D21F93BE9127}.Debug|Any CPU.Build.0 = Debug|Any CPU
		{1390C7E4-80F1-4FF0-A9F5-D21F93BE9127}.Release|Any CPU.ActiveCfg = Release|Any CPU
		{1390C7E4-80F1-4FF0-A9F5-D21F93BE9127}.Release|Any CPU.Build.0 = Release|Any CPU
	EndGlobalSection
	GlobalSection(SolutionProperties) = preSolution
		HideSolutionNode = FALSE
	EndGlobalSection
	GlobalSection(ExtensibilityGlobals) = postSolution
		SolutionGuid = {B39A1CB6-7E6C-4DAB-8A63-8FD3BC526131}
	EndGlobalSection
EndGlobal
